
Microsoft Visual Studio Solution File, Format Version 12.00
# Visual Studio Version 16
VisualStudioVersion = 16.0.30503.244
MinimumVisualStudioVersion = 10.0.40219.1
Project("{FAE04EC0-301F-11D3-BF4B-00C04F79EFBC}") = "Test", "Test.csproj", "{77F57EF3-2567-412E-80B4-70987C160E0F}"
EndProject
Global
	GlobalSection(SolutionConfigurationPlatforms) = preSolution
		Debug|Any CPU = Debug|Any CPU
		Release|Any CPU = Release|Any CPU
	EndGlobalSection
	GlobalSection(ProjectConfigurationPlatforms) = postSolution
		{77F57EF3-2567-412E-80B4-70987C160E0F}.Debug|Any CPU.ActiveCfg = Debug|Any CPU
		{77F57EF3-2567-412E-80B4-70987C160E0F}.Debug|Any CPU.Build.0 = Debug|Any CPU
		{77F57EF3-2567-412E-80B4-70987C160E0F}.Release|Any CPU.ActiveCfg = Release|Any CPU
		{77F57EF3-2567-412E-80B4-70987C160E0F}.Release|Any CPU.Build.0 = Release|Any CPU
	EndGlobalSection
	GlobalSection(SolutionProperties) = preSolution
		HideSolutionNode = FALSE
	EndGlobalSection
	GlobalSection(ExtensibilityGlobals) = postSolution
		SolutionGuid = {D7219811-D911-4603-8F16-79D4E32D72D8}
	EndGlobalSection
EndGlobal
